
Microsoft Visual Studio Solution File, Format Version 12.00
# Visual Studio Version 17
VisualStudioVersion = 17.9.34728.123
MinimumVisualStudioVersion = 10.0.40219.1
Project("{2150E333-8FDC-42A3-9474-1A3956D46DE8}") = "src", "src", "{100BCCB8-4A65-4514-9DAE-A22A55892D94}"
EndProject
Project("{2150E333-8FDC-42A3-9474-1A3956D46DE8}") = "Core", "Core", "{64A3A64B-A459-4CEA-B938-72730B93DC32}"
EndProject
Project("{2150E333-8FDC-42A3-9474-1A3956D46DE8}") = "Infrastructure", "Infrastructure", "{EAD35771-F703-48F7-BD28-60CC1BE218F6}"
EndProject
Project("{2150E333-8FDC-42A3-9474-1A3956D46DE8}") = "Presentation", "Presentation", "{A047216C-37B5-46D9-9F1E-7AB1769B7A44}"
EndProject
Project("{FAE04EC0-301F-11D3-BF4B-00C04F79EFBC}") = "Application", "Application\Application.csproj", "{73CA3F2A-1F68-4656-B53A-9A3E4DC47D8A}"
EndProject
Project("{FAE04EC0-301F-11D3-BF4B-00C04F79EFBC}") = "Domain", "Domain\Domain.csproj", "{ED1363DE-CC24-4494-9CA8-511474CA7161}"
EndProject
Project("{FAE04EC0-301F-11D3-BF4B-00C04F79EFBC}") = "Persistence", "Persistence\Persistence.csproj", "{4518A8E0-BD1B-4899-A93A-717AD847FEFF}"
EndProject
Project("{FAE04EC0-301F-11D3-BF4B-00C04F79EFBC}") = "Shared", "Shared\Shared.csproj", "{F77857FF-0B09-4019-8B79-934EACECB1A7}"
EndProject
Project("{FAE04EC0-301F-11D3-BF4B-00C04F79EFBC}") = "WebAPI", "WebAPI\WebAPI.csproj", "{A7E7C709-087E-4519-B9FA-8CC51DE7A93C}"
EndProject
Global
	GlobalSection(SolutionConfigurationPlatforms) = preSolution
		Debug|Any CPU = Debug|Any CPU
		Release|Any CPU = Release|Any CPU
	EndGlobalSection
	GlobalSection(ProjectConfigurationPlatforms) = postSolution
		{73CA3F2A-1F68-4656-B53A-9A3E4DC47D8A}.Debug|Any CPU.ActiveCfg = Debug|Any CPU
		{73CA3F2A-1F68-4656-B53A-9A3E4DC47D8A}.Debug|Any CPU.Build.0 = Debug|Any CPU
		{73CA3F2A-1F68-4656-B53A-9A3E4DC47D8A}.Release|Any CPU.ActiveCfg = Release|Any CPU
		{73CA3F2A-1F68-4656-B53A-9A3E4DC47D8A}.Release|Any CPU.Build.0 = Release|Any CPU
		{ED1363DE-CC24-4494-9CA8-511474CA7161}.Debug|Any CPU.ActiveCfg = Debug|Any CPU
		{ED1363DE-CC24-4494-9CA8-511474CA7161}.Debug|Any CPU.Build.0 = Debug|Any CPU
		{ED1363DE-CC24-4494-9CA8-511474CA7161}.Release|Any CPU.ActiveCfg = Release|Any CPU
		{ED1363DE-CC24-4494-9CA8-511474CA7161}.Release|Any CPU.Build.0 = Release|Any CPU
		{4518A8E0-BD1B-4899-A93A-717AD847FEFF}.Debug|Any CPU.ActiveCfg = Debug|Any CPU
		{4518A8E0-BD1B-4899-A93A-717AD847FEFF}.Debug|Any CPU.Build.0 = Debug|Any CPU
		{4518A8E0-BD1B-4899-A93A-717AD847FEFF}.Release|Any CPU.ActiveCfg = Release|Any CPU
		{4518A8E0-BD1B-4899-A93A-717AD847FEFF}.Release|Any CPU.Build.0 = Release|Any CPU
		{F77857FF-0B09-4019-8B79-934EACECB1A7}.Debug|Any CPU.ActiveCfg = Debug|Any CPU
		{F77857FF-0B09-4019-8B79-934EACECB1A7}.Debug|Any CPU.Build.0 = Debug|Any CPU
		{F77857FF-0B09-4019-8B79-934EACECB1A7}.Release|Any CPU.ActiveCfg = Release|Any CPU
		{F77857FF-0B09-4019-8B79-934EACECB1A7}.Release|Any CPU.Build.0 = Release|Any CPU
		{A7E7C709-087E-4519-B9FA-8CC51DE7A93C}.Debug|Any CPU.ActiveCfg = Debug|Any CPU
		{A7E7C709-087E-4519-B9FA-8CC51DE7A93C}.Debug|Any CPU.Build.0 = Debug|Any CPU
		{A7E7C709-087E-4519-B9FA-8CC51DE7A93C}.Release|Any CPU.ActiveCfg = Release|Any CPU
		{A7E7C709-087E-4519-B9FA-8CC51DE7A93C}.Release|Any CPU.Build.0 = Release|Any CPU
	EndGlobalSection
	GlobalSection(SolutionProperties) = preSolution
		HideSolutionNode = FALSE
	EndGlobalSection
	GlobalSection(NestedProjects) = preSolution
		{64A3A64B-A459-4CEA-B938-72730B93DC32} = {100BCCB8-4A65-4514-9DAE-A22A55892D94}
		{EAD35771-F703-48F7-BD28-60CC1BE218F6} = {100BCCB8-4A65-4514-9DAE-A22A55892D94}
		{A047216C-37B5-46D9-9F1E-7AB1769B7A44} = {100BCCB8-4A65-4514-9DAE-A22A55892D94}
		{73CA3F2A-1F68-4656-B53A-9A3E4DC47D8A} = {64A3A64B-A459-4CEA-B938-72730B93DC32}
		{ED1363DE-CC24-4494-9CA8-511474CA7161} = {64A3A64B-A459-4CEA-B938-72730B93DC32}
		{4518A8E0-BD1B-4899-A93A-717AD847FEFF} = {EAD35771-F703-48F7-BD28-60CC1BE218F6}
		{F77857FF-0B09-4019-8B79-934EACECB1A7} = {EAD35771-F703-48F7-BD28-60CC1BE218F6}
		{A7E7C709-087E-4519-B9FA-8CC51DE7A93C} = {A047216C-37B5-46D9-9F1E-7AB1769B7A44}
	EndGlobalSection
	GlobalSection(ExtensibilityGlobals) = postSolution
		SolutionGuid = {8279E5A1-5FB9-428E-AB5C-06ABFDA19B2B}
	EndGlobalSection
EndGlobal
